
Microsoft Visual Studio Solution File, Format Version 12.00
# Visual Studio Version 17
VisualStudioVersion = 17.9.34728.123
MinimumVisualStudioVersion = 10.0.40219.1
Project("{9A19103F-16F7-4668-BE54-9A1E7A4F7556}") = "FogonParillero", "FogonParillero\FogonParillero.csproj", "{A87A655B-44B3-4EAF-B16E-81A914D8248C}"
EndProject
Global
	GlobalSection(SolutionConfigurationPlatforms) = preSolution
		Debug|Any CPU = Debug|Any CPU
		Release|Any CPU = Release|Any CPU
	EndGlobalSection
	GlobalSection(ProjectConfigurationPlatforms) = postSolution
		{A87A655B-44B3-4EAF-B16E-81A914D8248C}.Debug|Any CPU.ActiveCfg = Debug|Any CPU
		{A87A655B-44B3-4EAF-B16E-81A914D8248C}.Debug|Any CPU.Build.0 = Debug|Any CPU
		{A87A655B-44B3-4EAF-B16E-81A914D8248C}.Release|Any CPU.ActiveCfg = Release|Any CPU
		{A87A655B-44B3-4EAF-B16E-81A914D8248C}.Release|Any CPU.Build.0 = Release|Any CPU
	EndGlobalSection
	GlobalSection(SolutionProperties) = preSolution
		HideSolutionNode = FALSE
	EndGlobalSection
	GlobalSection(ExtensibilityGlobals) = postSolution
		SolutionGuid = {05CD3E6A-EEC3-4838-89F3-708A97CA81DB}
	EndGlobalSection
EndGlobal
